
Microsoft Visual Studio Solution File, Format Version 12.00
# Visual Studio 15
VisualStudioVersion = 15.0.26430.12
MinimumVisualStudioVersion = 10.0.40219.1
Project("{FAE04EC0-301F-11D3-BF4B-00C04F79EFBC}") = "ProductManager", "ProductManager\ProductManager.csproj", "{4B68A117-F1BB-4ACE-8B5C-11FF9BFC08AD}"
EndProject
Project("{FAE04EC0-301F-11D3-BF4B-00C04F79EFBC}") = "ProductManager.Model", "ProductManager.Model\ProductManager.Model.csproj", "{3ED67C5F-F847-440B-B81D-20F706F1FDC0}"
EndProject
Project("{FAE04EC0-301F-11D3-BF4B-00C04F79EFBC}") = "ProductManager.Entity", "ProductManager.Entity\ProductManager.Entity.csproj", "{5241ED2A-224E-4FEF-9D32-EF6DBEF192A5}"
EndProject
Project("{FAE04EC0-301F-11D3-BF4B-00C04F79EFBC}") = "ProductManager.Logic", "ProductManager.Logic\ProductManager.Logic.csproj", "{1CA1D809-ABB0-4DFC-A3EA-63BBF69E0C68}"
EndProject
Global
	GlobalSection(SolutionConfigurationPlatforms) = preSolution
		Debug|Any CPU = Debug|Any CPU
		Release|Any CPU = Release|Any CPU
	EndGlobalSection
	GlobalSection(ProjectConfigurationPlatforms) = postSolution
		{4B68A117-F1BB-4ACE-8B5C-11FF9BFC08AD}.Debug|Any CPU.ActiveCfg = Debug|Any CPU
		{4B68A117-F1BB-4ACE-8B5C-11FF9BFC08AD}.Debug|Any CPU.Build.0 = Debug|Any CPU
		{4B68A117-F1BB-4ACE-8B5C-11FF9BFC08AD}.Release|Any CPU.ActiveCfg = Release|Any CPU
		{4B68A117-F1BB-4ACE-8B5C-11FF9BFC08AD}.Release|Any CPU.Build.0 = Release|Any CPU
		{3ED67C5F-F847-440B-B81D-20F706F1FDC0}.Debug|Any CPU.ActiveCfg = Debug|Any CPU
		{3ED67C5F-F847-440B-B81D-20F706F1FDC0}.Debug|Any CPU.Build.0 = Debug|Any CPU
		{3ED67C5F-F847-440B-B81D-20F706F1FDC0}.Release|Any CPU.ActiveCfg = Release|Any CPU
		{3ED67C5F-F847-440B-B81D-20F706F1FDC0}.Release|Any CPU.Build.0 = Release|Any CPU
		{5241ED2A-224E-4FEF-9D32-EF6DBEF192A5}.Debug|Any CPU.ActiveCfg = Debug|Any CPU
		{5241ED2A-224E-4FEF-9D32-EF6DBEF192A5}.Debug|Any CPU.Build.0 = Debug|Any CPU
		{5241ED2A-224E-4FEF-9D32-EF6DBEF192A5}.Release|Any CPU.ActiveCfg = Release|Any CPU
		{5241ED2A-224E-4FEF-9D32-EF6DBEF192A5}.Release|Any CPU.Build.0 = Release|Any CPU
		{1CA1D809-ABB0-4DFC-A3EA-63BBF69E0C68}.Debug|Any CPU.ActiveCfg = Debug|Any CPU
		{1CA1D809-ABB0-4DFC-A3EA-63BBF69E0C68}.Debug|Any CPU.Build.0 = Debug|Any CPU
		{1CA1D809-ABB0-4DFC-A3EA-63BBF69E0C68}.Release|Any CPU.ActiveCfg = Release|Any CPU
		{1CA1D809-ABB0-4DFC-A3EA-63BBF69E0C68}.Release|Any CPU.Build.0 = Release|Any CPU
	EndGlobalSection
	GlobalSection(SolutionProperties) = preSolution
		HideSolutionNode = FALSE
	EndGlobalSection
	GlobalSection(ExtensibilityGlobals) = postSolution
		SolutionGuid = {E8180145-42A2-4E17-8F8E-8C0507EBDDA4}
	EndGlobalSection
EndGlobal
