
Microsoft Visual Studio Solution File, Format Version 12.00
# Visual Studio 15
VisualStudioVersion = 15.0.26730.8
MinimumVisualStudioVersion = 10.0.40219.1
Project("{FAE04EC0-301F-11D3-BF4B-00C04F79EFBC}") = "ProductManager", "ProductManager\ProductManager.csproj", "{4B68A117-F1BB-4ACE-8B5C-11FF9BFC08AD}"
EndProject
Project("{FAE04EC0-301F-11D3-BF4B-00C04F79EFBC}") = "ProductManager.Model", "ProductManager.Model\ProductManager.Model.csproj", "{3ED67C5F-F847-440B-B81D-20F706F1FDC0}"
EndProject
Project("{2150E333-8FDC-42A3-9474-1A3956D46DE8}") = "Resource", "Resource", "{CA35AD03-B22E-4A0D-95AC-AA5BF7180451}"
EndProject
Project("{2150E333-8FDC-42A3-9474-1A3956D46DE8}") = "login", "login", "{B2926029-CE3A-4BDD-8D41-444F4A9F0A31}"
	ProjectSection(SolutionItems) = preProject
		E:\project\softwareDeveloper\res\images\login\backgorund.png = E:\project\softwareDeveloper\res\images\login\backgorund.png
	EndProjectSection
EndProject
Project("{2150E333-8FDC-42A3-9474-1A3956D46DE8}") = "naviget", "naviget", "{C5AE899F-E441-44D2-90F8-F6834FACFF16}"
	ProjectSection(SolutionItems) = preProject
		E:\project\softwareDeveloper\res\images\navigate\个人设置-选中.png = E:\project\softwareDeveloper\res\images\navigate\个人设置-选中.png
		E:\project\softwareDeveloper\res\images\navigate\个人设置-非选中.png = E:\project\softwareDeveloper\res\images\navigate\个人设置-非选中.png
		E:\project\softwareDeveloper\res\images\navigate\个人设置-非选中1.png = E:\project\softwareDeveloper\res\images\navigate\个人设置-非选中1.png
		E:\project\softwareDeveloper\res\images\navigate\查看报表-选中.png = E:\project\softwareDeveloper\res\images\navigate\查看报表-选中.png
		E:\project\softwareDeveloper\res\images\navigate\查看报表-非选中.png = E:\project\softwareDeveloper\res\images\navigate\查看报表-非选中.png
		E:\project\softwareDeveloper\res\images\navigate\查看报表-非选中1.png = E:\project\softwareDeveloper\res\images\navigate\查看报表-非选中1.png
		E:\project\softwareDeveloper\res\images\navigate\表格导入-选中.png = E:\project\softwareDeveloper\res\images\navigate\表格导入-选中.png
		E:\project\softwareDeveloper\res\images\navigate\表格导入-非选中.png = E:\project\softwareDeveloper\res\images\navigate\表格导入-非选中.png
		E:\project\softwareDeveloper\res\images\navigate\表格导入-非选中1.png = E:\project\softwareDeveloper\res\images\navigate\表格导入-非选中1.png
		E:\project\softwareDeveloper\res\images\navigate\首页-选中.png = E:\project\softwareDeveloper\res\images\navigate\首页-选中.png
		E:\project\softwareDeveloper\res\images\navigate\首页-非选中.png = E:\project\softwareDeveloper\res\images\navigate\首页-非选中.png
		E:\project\softwareDeveloper\res\images\navigate\首页-非选中1.png = E:\project\softwareDeveloper\res\images\navigate\首页-非选中1.png
	EndProjectSection
EndProject
Global
	GlobalSection(SolutionConfigurationPlatforms) = preSolution
		Debug|Any CPU = Debug|Any CPU
		Release|Any CPU = Release|Any CPU
	EndGlobalSection
	GlobalSection(ProjectConfigurationPlatforms) = postSolution
		{4B68A117-F1BB-4ACE-8B5C-11FF9BFC08AD}.Debug|Any CPU.ActiveCfg = Debug|Any CPU
		{4B68A117-F1BB-4ACE-8B5C-11FF9BFC08AD}.Debug|Any CPU.Build.0 = Debug|Any CPU
		{4B68A117-F1BB-4ACE-8B5C-11FF9BFC08AD}.Release|Any CPU.ActiveCfg = Release|Any CPU
		{4B68A117-F1BB-4ACE-8B5C-11FF9BFC08AD}.Release|Any CPU.Build.0 = Release|Any CPU
		{3ED67C5F-F847-440B-B81D-20F706F1FDC0}.Debug|Any CPU.ActiveCfg = Debug|Any CPU
		{3ED67C5F-F847-440B-B81D-20F706F1FDC0}.Debug|Any CPU.Build.0 = Debug|Any CPU
		{3ED67C5F-F847-440B-B81D-20F706F1FDC0}.Release|Any CPU.ActiveCfg = Release|Any CPU
		{3ED67C5F-F847-440B-B81D-20F706F1FDC0}.Release|Any CPU.Build.0 = Release|Any CPU
	EndGlobalSection
	GlobalSection(SolutionProperties) = preSolution
		HideSolutionNode = FALSE
	EndGlobalSection
	GlobalSection(NestedProjects) = preSolution
		{B2926029-CE3A-4BDD-8D41-444F4A9F0A31} = {CA35AD03-B22E-4A0D-95AC-AA5BF7180451}
		{C5AE899F-E441-44D2-90F8-F6834FACFF16} = {CA35AD03-B22E-4A0D-95AC-AA5BF7180451}
	EndGlobalSection
	GlobalSection(ExtensibilityGlobals) = postSolution
		SolutionGuid = {E8180145-42A2-4E17-8F8E-8C0507EBDDA4}
	EndGlobalSection
EndGlobal
